
Microsoft Visual Studio Solution File, Format Version 12.00
# Visual Studio 15
VisualStudioVersion = 15.0.26730.12
MinimumVisualStudioVersion = 10.0.40219.1
Project("{FAE04EC0-301F-11D3-BF4B-00C04F79EFBC}") = "DbNet", "DbNet\DbNet.csproj", "{FB8151A0-877B-4434-A868-5B8840CE5EC6}"
EndProject
Project("{FAE04EC0-301F-11D3-BF4B-00C04F79EFBC}") = "DbNet.SqlServer", "DbNet.SqlServer\DbNet.SqlServer.csproj", "{2A82BF21-434B-4F64-8648-95F36783A1E6}"
EndProject
Project("{FAE04EC0-301F-11D3-BF4B-00C04F79EFBC}") = "DbNet.MemoryCache", "DbNet.MemoryCache\DbNet.MemoryCache.csproj", "{052326D0-AEFF-4D6B-A4CD-B3FEA821EA69}"
EndProject
Project("{FAE04EC0-301F-11D3-BF4B-00C04F79EFBC}") = "DbNet.Net45", "DbNet.Net45\DbNet.Net45.csproj", "{80773A9A-3CCF-4013-802D-B91BF50A4A14}"
EndProject
Project("{FAE04EC0-301F-11D3-BF4B-00C04F79EFBC}") = "DbNet.Sqlite", "DbNet.Sqlite\DbNet.Sqlite.csproj", "{5A9E6AA8-692B-4874-B442-532818625217}"
EndProject
Project("{FAE04EC0-301F-11D3-BF4B-00C04F79EFBC}") = "DbNet.MySql", "DbNet.MySql\DbNet.MySql.csproj", "{4CC4BED5-8EE6-46ED-B0CF-8A081177B007}"
EndProject
Project("{FAE04EC0-301F-11D3-BF4B-00C04F79EFBC}") = "DbNet.Example", "DbNet.Example\DbNet.Example.csproj", "{A4713C69-7386-4BFA-97D5-879DF855870F}"
EndProject
Global
	GlobalSection(SolutionConfigurationPlatforms) = preSolution
		Debug|Any CPU = Debug|Any CPU
		Release|Any CPU = Release|Any CPU
	EndGlobalSection
	GlobalSection(ProjectConfigurationPlatforms) = postSolution
		{FB8151A0-877B-4434-A868-5B8840CE5EC6}.Debug|Any CPU.ActiveCfg = Debug|Any CPU
		{FB8151A0-877B-4434-A868-5B8840CE5EC6}.Debug|Any CPU.Build.0 = Debug|Any CPU
		{FB8151A0-877B-4434-A868-5B8840CE5EC6}.Release|Any CPU.ActiveCfg = Release|Any CPU
		{FB8151A0-877B-4434-A868-5B8840CE5EC6}.Release|Any CPU.Build.0 = Release|Any CPU
		{2A82BF21-434B-4F64-8648-95F36783A1E6}.Debug|Any CPU.ActiveCfg = Debug|Any CPU
		{2A82BF21-434B-4F64-8648-95F36783A1E6}.Debug|Any CPU.Build.0 = Debug|Any CPU
		{2A82BF21-434B-4F64-8648-95F36783A1E6}.Release|Any CPU.ActiveCfg = Release|Any CPU
		{2A82BF21-434B-4F64-8648-95F36783A1E6}.Release|Any CPU.Build.0 = Release|Any CPU
		{052326D0-AEFF-4D6B-A4CD-B3FEA821EA69}.Debug|Any CPU.ActiveCfg = Debug|Any CPU
		{052326D0-AEFF-4D6B-A4CD-B3FEA821EA69}.Debug|Any CPU.Build.0 = Debug|Any CPU
		{052326D0-AEFF-4D6B-A4CD-B3FEA821EA69}.Release|Any CPU.ActiveCfg = Release|Any CPU
		{052326D0-AEFF-4D6B-A4CD-B3FEA821EA69}.Release|Any CPU.Build.0 = Release|Any CPU
		{80773A9A-3CCF-4013-802D-B91BF50A4A14}.Debug|Any CPU.ActiveCfg = Debug|Any CPU
		{80773A9A-3CCF-4013-802D-B91BF50A4A14}.Debug|Any CPU.Build.0 = Debug|Any CPU
		{80773A9A-3CCF-4013-802D-B91BF50A4A14}.Release|Any CPU.ActiveCfg = Release|Any CPU
		{80773A9A-3CCF-4013-802D-B91BF50A4A14}.Release|Any CPU.Build.0 = Release|Any CPU
		{5A9E6AA8-692B-4874-B442-532818625217}.Debug|Any CPU.ActiveCfg = Debug|Any CPU
		{5A9E6AA8-692B-4874-B442-532818625217}.Debug|Any CPU.Build.0 = Debug|Any CPU
		{5A9E6AA8-692B-4874-B442-532818625217}.Release|Any CPU.ActiveCfg = Release|Any CPU
		{5A9E6AA8-692B-4874-B442-532818625217}.Release|Any CPU.Build.0 = Release|Any CPU
		{4CC4BED5-8EE6-46ED-B0CF-8A081177B007}.Debug|Any CPU.ActiveCfg = Debug|Any CPU
		{4CC4BED5-8EE6-46ED-B0CF-8A081177B007}.Debug|Any CPU.Build.0 = Debug|Any CPU
		{4CC4BED5-8EE6-46ED-B0CF-8A081177B007}.Release|Any CPU.ActiveCfg = Release|Any CPU
		{4CC4BED5-8EE6-46ED-B0CF-8A081177B007}.Release|Any CPU.Build.0 = Release|Any CPU
		{A4713C69-7386-4BFA-97D5-879DF855870F}.Debug|Any CPU.ActiveCfg = Debug|Any CPU
		{A4713C69-7386-4BFA-97D5-879DF855870F}.Debug|Any CPU.Build.0 = Debug|Any CPU
		{A4713C69-7386-4BFA-97D5-879DF855870F}.Release|Any CPU.ActiveCfg = Release|Any CPU
		{A4713C69-7386-4BFA-97D5-879DF855870F}.Release|Any CPU.Build.0 = Release|Any CPU
	EndGlobalSection
	GlobalSection(SolutionProperties) = preSolution
		HideSolutionNode = FALSE
	EndGlobalSection
	GlobalSection(ExtensibilityGlobals) = postSolution
		SolutionGuid = {99C9F9FD-F013-44AE-9A5B-3B0129E28E60}
	EndGlobalSection
EndGlobal
